version = 1
revision = 1
requires-python = ">=3.13"

[[package]]
name = "codetiming"
version = "1.4.0"
source = { registry = "https://pypi.org/simple" }
sdist = { url = "https://files.pythonhosted.org/packages/ad/4e/c40bf151af20ba2748bd6ea24e484d7b6196b1056ba3a1a4ee33b6939c37/codetiming-1.4.0.tar.gz", hash = "sha256:4937bf913a2814258b87eaaa43d9a1bb24711ffd3557a9ab6934fa1fe3ba0dbc", size = 14899 }
wheels = [
    { url = "https://files.pythonhosted.org/packages/bc/91/e4a2b7c64e738beefddfa24b409d6eecb16c378bde01578918b6ea722a09/codetiming-1.4.0-py3-none-any.whl", hash = "sha256:3b80f409bef00941a9755c5524071ce2f72eaa4520f4bc35b33869cde024ccbd", size = 7165 },
]

[[package]]
name = "python-parallel-processing"
version = "0.1.0"
source = { virtual = "." }
dependencies = [
    { name = "codetiming" },
]

[package.metadata]
requires-dist = [{ name = "codetiming", specifier = ">=1.4.0" }]
